// !$*UTF8*$!
{
	archiveVersion = 1;
	classes = {
	};
	objectVersion = 50;
	objects = {

/* Begin PBXBuildFile section */
		1626E5A624317DBF00AFAFED /* OneViewController.m in Sources */ = {isa = PBXBuildFile; fileRef = 1626E5A524317DBF00AFAFED /* OneViewController.m */; };
		1626E5A924317DD900AFAFED /* OneMainView.m in Sources */ = {isa = PBXBuildFile; fileRef = 1626E5A824317DD900AFAFED /* OneMainView.m */; };
		1637F7B4242DFF91008B0A90 /* AppDelegate.m in Sources */ = {isa = PBXBuildFile; fileRef = 1637F7B3242DFF91008B0A90 /* AppDelegate.m */; };
		1637F7BA242DFF91008B0A90 /* ViewController.m in Sources */ = {isa = PBXBuildFile; fileRef = 1637F7B9242DFF91008B0A90 /* ViewController.m */; };
		1637F7BD242DFF91008B0A90 /* Main.storyboard in Resources */ = {isa = PBXBuildFile; fileRef = 1637F7BB242DFF91008B0A90 /* Main.storyboard */; };
		1637F7BF242DFF94008B0A90 /* Assets.xcassets in Resources */ = {isa = PBXBuildFile; fileRef = 1637F7BE242DFF94008B0A90 /* Assets.xcassets */; };
		1637F7C2242DFF94008B0A90 /* LaunchScreen.storyboard in Resources */ = {isa = PBXBuildFile; fileRef = 1637F7C0242DFF94008B0A90 /* LaunchScreen.storyboard */; };
		1637F7C5242DFF94008B0A90 /* main.m in Sources */ = {isa = PBXBuildFile; fileRef = 1637F7C4242DFF94008B0A90 /* main.m */; };
		1637F7E3242E039D008B0A90 /* BaseTableViewCell.m in Sources */ = {isa = PBXBuildFile; fileRef = 1637F7CE242E039D008B0A90 /* BaseTableViewCell.m */; };
		1637F7E4242E039D008B0A90 /* BaseView.m in Sources */ = {isa = PBXBuildFile; fileRef = 1637F7CF242E039D008B0A90 /* BaseView.m */; };
		1637F7E5242E039D008B0A90 /* BaseTableView.m in Sources */ = {isa = PBXBuildFile; fileRef = 1637F7D1242E039D008B0A90 /* BaseTableView.m */; };
		1637F7E6242E039D008B0A90 /* BaseMainView.m in Sources */ = {isa = PBXBuildFile; fileRef = 1637F7D3242E039D008B0A90 /* BaseMainView.m */; };
		1637F7E7242E039D008B0A90 /* BaseViewController.m in Sources */ = {isa = PBXBuildFile; fileRef = 1637F7D7242E039D008B0A90 /* BaseViewController.m */; };
		1637F7E8242E039D008B0A90 /* BaseNavigationController.m in Sources */ = {isa = PBXBuildFile; fileRef = 1637F7D9242E039D008B0A90 /* BaseNavigationController.m */; };
		1637F7EB242E039D008B0A90 /* BaseMainViewModel.m in Sources */ = {isa = PBXBuildFile; fileRef = 1637F7E0242E039D008B0A90 /* BaseMainViewModel.m */; };
		1637F7F4242E063B008B0A90 /* HomeViewController.m in Sources */ = {isa = PBXBuildFile; fileRef = 1637F7F3242E063B008B0A90 /* HomeViewController.m */; };
		1637F7F7242E064C008B0A90 /* HomeMainView.m in Sources */ = {isa = PBXBuildFile; fileRef = 1637F7F6242E064C008B0A90 /* HomeMainView.m */; };
		5389060288613A597C33A1D9 /* libPods-PGithub.a in Frameworks */ = {isa = PBXBuildFile; fileRef = CA0FAF2C396AA9CAB830CA1D /* libPods-PGithub.a */; };
/* End PBXBuildFile section */

/* Begin PBXFileReference section */
		1626E5A424317DBF00AFAFED /* OneViewController.h */ = {isa = PBXFileReference; lastKnownFileType = sourcecode.c.h; path = OneViewController.h; sourceTree = "<group>"; };
		1626E5A524317DBF00AFAFED /* OneViewController.m */ = {isa = PBXFileReference; lastKnownFileType = sourcecode.c.objc; path = OneViewController.m; sourceTree = "<group>"; };
		1626E5A724317DD900AFAFED /* OneMainView.h */ = {isa = PBXFileReference; lastKnownFileType = sourcecode.c.h; path = OneMainView.h; sourceTree = "<group>"; };
		1626E5A824317DD900AFAFED /* OneMainView.m */ = {isa = PBXFileReference; lastKnownFileType = sourcecode.c.objc; path = OneMainView.m; sourceTree = "<group>"; };
		1626E5AB2431814400AFAFED /* GlobalConstants.h */ = {isa = PBXFileReference; lastKnownFileType = sourcecode.c.h; path = GlobalConstants.h; sourceTree = "<group>"; };
		1637F7AF242DFF91008B0A90 /* PGithub.app */ = {isa = PBXFileReference; explicitFileType = wrapper.application; includeInIndex = 0; path = PGithub.app; sourceTree = BUILT_PRODUCTS_DIR; };
		1637F7B2242DFF91008B0A90 /* AppDelegate.h */ = {isa = PBXFileReference; lastKnownFileType = sourcecode.c.h; path = AppDelegate.h; sourceTree = "<group>"; };
		1637F7B3242DFF91008B0A90 /* AppDelegate.m */ = {isa = PBXFileReference; lastKnownFileType = sourcecode.c.objc; path = AppDelegate.m; sourceTree = "<group>"; };
		1637F7B8242DFF91008B0A90 /* ViewController.h */ = {isa = PBXFileReference; lastKnownFileType = sourcecode.c.h; path = ViewController.h; sourceTree = "<group>"; };
		1637F7B9242DFF91008B0A90 /* ViewController.m */ = {isa = PBXFileReference; lastKnownFileType = sourcecode.c.objc; path = ViewController.m; sourceTree = "<group>"; };
		1637F7BC242DFF91008B0A90 /* Base */ = {isa = PBXFileReference; lastKnownFileType = file.storyboard; name = Base; path = Base.lproj/Main.storyboard; sourceTree = "<group>"; };
		1637F7BE242DFF94008B0A90 /* Assets.xcassets */ = {isa = PBXFileReference; lastKnownFileType = folder.assetcatalog; path = Assets.xcassets; sourceTree = "<group>"; };
		1637F7C1242DFF94008B0A90 /* Base */ = {isa = PBXFileReference; lastKnownFileType = file.storyboard; name = Base; path = Base.lproj/LaunchScreen.storyboard; sourceTree = "<group>"; };
		1637F7C3242DFF94008B0A90 /* Info.plist */ = {isa = PBXFileReference; lastKnownFileType = text.plist.xml; path = Info.plist; sourceTree = "<group>"; };
		1637F7C4242DFF94008B0A90 /* main.m */ = {isa = PBXFileReference; lastKnownFileType = sourcecode.c.objc; path = main.m; sourceTree = "<group>"; };
		1637F7CE242E039D008B0A90 /* BaseTableViewCell.m */ = {isa = PBXFileReference; fileEncoding = 4; lastKnownFileType = sourcecode.c.objc; path = BaseTableViewCell.m; sourceTree = "<group>"; };
		1637F7CF242E039D008B0A90 /* BaseView.m */ = {isa = PBXFileReference; fileEncoding = 4; lastKnownFileType = sourcecode.c.objc; path = BaseView.m; sourceTree = "<group>"; };
		1637F7D0242E039D008B0A90 /* BaseMainView.h */ = {isa = PBXFileReference; fileEncoding = 4; lastKnownFileType = sourcecode.c.h; path = BaseMainView.h; sourceTree = "<group>"; };
		1637F7D1242E039D008B0A90 /* BaseTableView.m */ = {isa = PBXFileReference; fileEncoding = 4; lastKnownFileType = sourcecode.c.objc; path = BaseTableView.m; sourceTree = "<group>"; };
		1637F7D2242E039D008B0A90 /* BaseTableViewCell.h */ = {isa = PBXFileReference; fileEncoding = 4; lastKnownFileType = sourcecode.c.h; path = BaseTableViewCell.h; sourceTree = "<group>"; };
		1637F7D3242E039D008B0A90 /* BaseMainView.m */ = {isa = PBXFileReference; fileEncoding = 4; lastKnownFileType = sourcecode.c.objc; path = BaseMainView.m; sourceTree = "<group>"; };
		1637F7D4242E039D008B0A90 /* BaseView.h */ = {isa = PBXFileReference; fileEncoding = 4; lastKnownFileType = sourcecode.c.h; path = BaseView.h; sourceTree = "<group>"; };
		1637F7D5242E039D008B0A90 /* BaseTableView.h */ = {isa = PBXFileReference; fileEncoding = 4; lastKnownFileType = sourcecode.c.h; path = BaseTableView.h; sourceTree = "<group>"; };
		1637F7D7242E039D008B0A90 /* BaseViewController.m */ = {isa = PBXFileReference; fileEncoding = 4; lastKnownFileType = sourcecode.c.objc; path = BaseViewController.m; sourceTree = "<group>"; };
		1637F7D9242E039D008B0A90 /* BaseNavigationController.m */ = {isa = PBXFileReference; fileEncoding = 4; lastKnownFileType = sourcecode.c.objc; path = BaseNavigationController.m; sourceTree = "<group>"; };
		1637F7DB242E039D008B0A90 /* BaseNavigationController.h */ = {isa = PBXFileReference; fileEncoding = 4; lastKnownFileType = sourcecode.c.h; path = BaseNavigationController.h; sourceTree = "<group>"; };
		1637F7DD242E039D008B0A90 /* BaseViewController.h */ = {isa = PBXFileReference; fileEncoding = 4; lastKnownFileType = sourcecode.c.h; path = BaseViewController.h; sourceTree = "<group>"; };
		1637F7E0242E039D008B0A90 /* BaseMainViewModel.m */ = {isa = PBXFileReference; fileEncoding = 4; lastKnownFileType = sourcecode.c.objc; path = BaseMainViewModel.m; sourceTree = "<group>"; };
		1637F7E1242E039D008B0A90 /* BaseMainViewModel.h */ = {isa = PBXFileReference; fileEncoding = 4; lastKnownFileType = sourcecode.c.h; path = BaseMainViewModel.h; sourceTree = "<group>"; };
		1637F7EC242E04CA008B0A90 /* PGithub.pch */ = {isa = PBXFileReference; lastKnownFileType = sourcecode.c.h; path = PGithub.pch; sourceTree = "<group>"; };
		1637F7F2242E063B008B0A90 /* HomeViewController.h */ = {isa = PBXFileReference; lastKnownFileType = sourcecode.c.h; path = HomeViewController.h; sourceTree = "<group>"; };
		1637F7F3242E063B008B0A90 /* HomeViewController.m */ = {isa = PBXFileReference; lastKnownFileType = sourcecode.c.objc; path = HomeViewController.m; sourceTree = "<group>"; };
		1637F7F5242E064C008B0A90 /* HomeMainView.h */ = {isa = PBXFileReference; lastKnownFileType = sourcecode.c.h; path = HomeMainView.h; sourceTree = "<group>"; };
		1637F7F6242E064C008B0A90 /* HomeMainView.m */ = {isa = PBXFileReference; lastKnownFileType = sourcecode.c.objc; path = HomeMainView.m; sourceTree = "<group>"; };
		CA0FAF2C396AA9CAB830CA1D /* libPods-PGithub.a */ = {isa = PBXFileReference; explicitFileType = archive.ar; includeInIndex = 0; path = "libPods-PGithub.a"; sourceTree = BUILT_PRODUCTS_DIR; };
		CB01130B43DA6B0F5AEEDA33 /* Pods-PGithub.debug.xcconfig */ = {isa = PBXFileReference; includeInIndex = 1; lastKnownFileType = text.xcconfig; name = "Pods-PGithub.debug.xcconfig"; path = "Target Support Files/Pods-PGithub/Pods-PGithub.debug.xcconfig"; sourceTree = "<group>"; };
		CF6CC38CF0FB65338474114F /* Pods-PGithub.release.xcconfig */ = {isa = PBXFileReference; includeInIndex = 1; lastKnownFileType = text.xcconfig; name = "Pods-PGithub.release.xcconfig"; path = "Target Support Files/Pods-PGithub/Pods-PGithub.release.xcconfig"; sourceTree = "<group>"; };
/* End PBXFileReference section */

/* Begin PBXFrameworksBuildPhase section */
		1637F7AC242DFF91008B0A90 /* Frameworks */ = {
			isa = PBXFrameworksBuildPhase;
			buildActionMask = 2147483647;
			files = (
				5389060288613A597C33A1D9 /* libPods-PGithub.a in Frameworks */,
			);
			runOnlyForDeploymentPostprocessing = 0;
		};
/* End PBXFrameworksBuildPhase section */

/* Begin PBXGroup section */
		105D1A0ACAA183E066212F6F /* Frameworks */ = {
			isa = PBXGroup;
			children = (
				CA0FAF2C396AA9CAB830CA1D /* libPods-PGithub.a */,
			);
			name = Frameworks;
			sourceTree = "<group>";
		};
		1626E5AA2431811F00AFAFED /* Application */ = {
			isa = PBXGroup;
			children = (
				1626E5AB2431814400AFAFED /* GlobalConstants.h */,
				1637F7EC242E04CA008B0A90 /* PGithub.pch */,
			);
			path = Application;
			sourceTree = "<group>";
		};
		1637F7A6242DFF91008B0A90 = {
			isa = PBXGroup;
			children = (
				1637F7B1242DFF91008B0A90 /* PGithub */,
				1637F7B0242DFF91008B0A90 /* Products */,
				BE3163E5B9DA491F4AAF6706 /* Pods */,
				105D1A0ACAA183E066212F6F /* Frameworks */,
			);
			sourceTree = "<group>";
		};
		1637F7B0242DFF91008B0A90 /* Products */ = {
			isa = PBXGroup;
			children = (
				1637F7AF242DFF91008B0A90 /* PGithub.app */,
			);
			name = Products;
			sourceTree = "<group>";
		};
		1637F7B1242DFF91008B0A90 /* PGithub */ = {
			isa = PBXGroup;
			children = (
				1626E5AA2431811F00AFAFED /* Application */,
				1637F7CB242E035E008B0A90 /* Class */,
				1637F7B2242DFF91008B0A90 /* AppDelegate.h */,
				1637F7B3242DFF91008B0A90 /* AppDelegate.m */,
				1637F7B8242DFF91008B0A90 /* ViewController.h */,
				1637F7B9242DFF91008B0A90 /* ViewController.m */,
				1637F7BB242DFF91008B0A90 /* Main.storyboard */,
				1637F7BE242DFF94008B0A90 /* Assets.xcassets */,
				1637F7C0242DFF94008B0A90 /* LaunchScreen.storyboard */,
				1637F7C3242DFF94008B0A90 /* Info.plist */,
				1637F7C4242DFF94008B0A90 /* main.m */,
			);
			path = PGithub;
			sourceTree = "<group>";
		};
		1637F7CB242E035E008B0A90 /* Class */ = {
			isa = PBXGroup;
			children = (
				1637F7ED242E060F008B0A90 /* Home */,
				1637F7CC242E036A008B0A90 /* Main */,
			);
			path = Class;
			sourceTree = "<group>";
		};
		1637F7CC242E036A008B0A90 /* Main */ = {
			isa = PBXGroup;
			children = (
				1637F7D6242E039D008B0A90 /* Controller */,
				1637F7E2242E039D008B0A90 /* Model */,
				1637F7CD242E039D008B0A90 /* View */,
				1637F7DF242E039D008B0A90 /* ViewModel */,
			);
			path = Main;
			sourceTree = "<group>";
		};
		1637F7CD242E039D008B0A90 /* View */ = {
			isa = PBXGroup;
			children = (
				1637F7D4242E039D008B0A90 /* BaseView.h */,
				1637F7CF242E039D008B0A90 /* BaseView.m */,
				1637F7D0242E039D008B0A90 /* BaseMainView.h */,
				1637F7D3242E039D008B0A90 /* BaseMainView.m */,
				1637F7D5242E039D008B0A90 /* BaseTableView.h */,
				1637F7D1242E039D008B0A90 /* BaseTableView.m */,
				1637F7D2242E039D008B0A90 /* BaseTableViewCell.h */,
				1637F7CE242E039D008B0A90 /* BaseTableViewCell.m */,
			);
			path = View;
			sourceTree = "<group>";
		};
		1637F7D6242E039D008B0A90 /* Controller */ = {
			isa = PBXGroup;
			children = (
				1637F7DD242E039D008B0A90 /* BaseViewController.h */,
				1637F7D7242E039D008B0A90 /* BaseViewController.m */,
				1637F7DB242E039D008B0A90 /* BaseNavigationController.h */,
				1637F7D9242E039D008B0A90 /* BaseNavigationController.m */,
			);
			path = Controller;
			sourceTree = "<group>";
		};
		1637F7DF242E039D008B0A90 /* ViewModel */ = {
			isa = PBXGroup;
			children = (
				1637F7E1242E039D008B0A90 /* BaseMainViewModel.h */,
				1637F7E0242E039D008B0A90 /* BaseMainViewModel.m */,
			);
			path = ViewModel;
			sourceTree = "<group>";
		};
		1637F7E2242E039D008B0A90 /* Model */ = {
			isa = PBXGroup;
			children = (
			);
			path = Model;
			sourceTree = "<group>";
		};
		1637F7ED242E060F008B0A90 /* Home */ = {
			isa = PBXGroup;
			children = (
				1637F7F1242E0627008B0A90 /* Model */,
				1637F7F0242E0622008B0A90 /* View */,
				1637F7EF242E061B008B0A90 /* ViewModel */,
				1637F7EE242E0615008B0A90 /* Controller */,
			);
			path = Home;
			sourceTree = "<group>";
		};
		1637F7EE242E0615008B0A90 /* Controller */ = {
			isa = PBXGroup;
			children = (
				1637F7F2242E063B008B0A90 /* HomeViewController.h */,
				1637F7F3242E063B008B0A90 /* HomeViewController.m */,
				1626E5A424317DBF00AFAFED /* OneViewController.h */,
				1626E5A524317DBF00AFAFED /* OneViewController.m */,
			);
			path = Controller;
			sourceTree = "<group>";
		};
		1637F7EF242E061B008B0A90 /* ViewModel */ = {
			isa = PBXGroup;
			children = (
			);
			path = ViewModel;
			sourceTree = "<group>";
		};
		1637F7F0242E0622008B0A90 /* View */ = {
			isa = PBXGroup;
			children = (
				1637F7F5242E064C008B0A90 /* HomeMainView.h */,
				1637F7F6242E064C008B0A90 /* HomeMainView.m */,
				1626E5A724317DD900AFAFED /* OneMainView.h */,
				1626E5A824317DD900AFAFED /* OneMainView.m */,
			);
			path = View;
			sourceTree = "<group>";
		};
		1637F7F1242E0627008B0A90 /* Model */ = {
			isa = PBXGroup;
			children = (
			);
			path = Model;
			sourceTree = "<group>";
		};
		BE3163E5B9DA491F4AAF6706 /* Pods */ = {
			isa = PBXGroup;
			children = (
				CB01130B43DA6B0F5AEEDA33 /* Pods-PGithub.debug.xcconfig */,
				CF6CC38CF0FB65338474114F /* Pods-PGithub.release.xcconfig */,
			);
			path = Pods;
			sourceTree = "<group>";
		};
/* End PBXGroup section */

/* Begin PBXNativeTarget section */
		1637F7AE242DFF91008B0A90 /* PGithub */ = {
			isa = PBXNativeTarget;
			buildConfigurationList = 1637F7C8242DFF94008B0A90 /* Build configuration list for PBXNativeTarget "PGithub" */;
			buildPhases = (
				848F372B7EF9FC448BF52366 /* [CP] Check Pods Manifest.lock */,
				1637F7AB242DFF91008B0A90 /* Sources */,
				1637F7AC242DFF91008B0A90 /* Frameworks */,
				1637F7AD242DFF91008B0A90 /* Resources */,
			);
			buildRules = (
			);
			dependencies = (
			);
			name = PGithub;
			productName = PGithub;
			productReference = 1637F7AF242DFF91008B0A90 /* PGithub.app */;
			productType = "com.apple.product-type.application";
		};
/* End PBXNativeTarget section */

/* Begin PBXProject section */
		1637F7A7242DFF91008B0A90 /* Project object */ = {
			isa = PBXProject;
			attributes = {
				LastUpgradeCheck = 1120;
				ORGANIZATIONNAME = "吴紫颖";
				TargetAttributes = {
					1637F7AE242DFF91008B0A90 = {
						CreatedOnToolsVersion = 11.2.1;
					};
				};
			};
			buildConfigurationList = 1637F7AA242DFF91008B0A90 /* Build configuration list for PBXProject "PGithub" */;
			compatibilityVersion = "Xcode 9.3";
			developmentRegion = en;
			hasScannedForEncodings = 0;
			knownRegions = (
				en,
				Base,
			);
			mainGroup = 1637F7A6242DFF91008B0A90;
			productRefGroup = 1637F7B0242DFF91008B0A90 /* Products */;
			projectDirPath = "";
			projectRoot = "";
			targets = (
				1637F7AE242DFF91008B0A90 /* PGithub */,
			);
		};
/* End PBXProject section */

/* Begin PBXResourcesBuildPhase section */
		1637F7AD242DFF91008B0A90 /* Resources */ = {
			isa = PBXResourcesBuildPhase;
			buildActionMask = 2147483647;
			files = (
				1637F7C2242DFF94008B0A90 /* LaunchScreen.storyboard in Resources */,
				1637F7BF242DFF94008B0A90 /* Assets.xcassets in Resources */,
				1637F7BD242DFF91008B0A90 /* Main.storyboard in Resources */,
			);
			runOnlyForDeploymentPostprocessing = 0;
		};
/* End PBXResourcesBuildPhase section */

/* Begin PBXShellScriptBuildPhase section */
		848F372B7EF9FC448BF52366 /* [CP] Check Pods Manifest.lock */ = {
			isa = PBXShellScriptBuildPhase;
			buildActionMask = 2147483647;
			files = (
			);
			inputFileListPaths = (
			);
			inputPaths = (
				"${PODS_PODFILE_DIR_PATH}/Podfile.lock",
				"${PODS_ROOT}/Manifest.lock",
			);
			name = "[CP] Check Pods Manifest.lock";
			outputFileListPaths = (
			);
			outputPaths = (
				"$(DERIVED_FILE_DIR)/Pods-PGithub-checkManifestLockResult.txt",
			);
			runOnlyForDeploymentPostprocessing = 0;
			shellPath = /bin/sh;
			shellScript = "diff \"${PODS_PODFILE_DIR_PATH}/Podfile.lock\" \"${PODS_ROOT}/Manifest.lock\" > /dev/null\nif [ $? != 0 ] ; then\n    # print error to STDERR\n    echo \"error: The sandbox is not in sync with the Podfile.lock. Run 'pod install' or update your CocoaPods installation.\" >&2\n    exit 1\nfi\n# This output is used by Xcode 'outputs' to avoid re-running this script phase.\necho \"SUCCESS\" > \"${SCRIPT_OUTPUT_FILE_0}\"\n";
			showEnvVarsInLog = 0;
		};
/* End PBXShellScriptBuildPhase section */

/* Begin PBXSourcesBuildPhase section */
		1637F7AB242DFF91008B0A90 /* Sources */ = {
			isa = PBXSourcesBuildPhase;
			buildActionMask = 2147483647;
			files = (
				1637F7E3242E039D008B0A90 /* BaseTableViewCell.m in Sources */,
				1637F7E7242E039D008B0A90 /* BaseViewController.m in Sources */,
				1637F7EB242E039D008B0A90 /* BaseMainViewModel.m in Sources */,
				1637F7BA242DFF91008B0A90 /* ViewController.m in Sources */,
				1637F7B4242DFF91008B0A90 /* AppDelegate.m in Sources */,
				1637F7E8242E039D008B0A90 /* BaseNavigationController.m in Sources */,
				1637F7F7242E064C008B0A90 /* HomeMainView.m in Sources */,
				1637F7C5242DFF94008B0A90 /* main.m in Sources */,
				1637F7E6242E039D008B0A90 /* BaseMainView.m in Sources */,
				1637F7E4242E039D008B0A90 /* BaseView.m in Sources */,
				1637F7E5242E039D008B0A90 /* BaseTableView.m in Sources */,
				1637F7F4242E063B008B0A90 /* HomeViewController.m in Sources */,
				1626E5A924317DD900AFAFED /* OneMainView.m in Sources */,
				1626E5A624317DBF00AFAFED /* OneViewController.m in Sources */,
			);
			runOnlyForDeploymentPostprocessing = 0;
		};
/* End PBXSourcesBuildPhase section */

/* Begin PBXVariantGroup section */
		1637F7BB242DFF91008B0A90 /* Main.storyboard */ = {
			isa = PBXVariantGroup;
			children = (
				1637F7BC242DFF91008B0A90 /* Base */,
			);
			name = Main.storyboard;
			sourceTree = "<group>";
		};
		1637F7C0242DFF94008B0A90 /* LaunchScreen.storyboard */ = {
			isa = PBXVariantGroup;
			children = (
				1637F7C1242DFF94008B0A90 /* Base */,
			);
			name = LaunchScreen.storyboard;
			sourceTree = "<group>";
		};
/* End PBXVariantGroup section */

/* Begin XCBuildConfiguration section */
		1637F7C6242DFF94008B0A90 /* Debug */ = {
			isa = XCBuildConfiguration;
			buildSettings = {
				ALWAYS_SEARCH_USER_PATHS = NO;
				CLANG_ANALYZER_NONNULL = YES;
				CLANG_ANALYZER_NUMBER_OBJECT_CONVERSION = YES_AGGRESSIVE;
				CLANG_CXX_LANGUAGE_STANDARD = "gnu++14";
				CLANG_CXX_LIBRARY = "libc++";
				CLANG_ENABLE_MODULES = YES;
				CLANG_ENABLE_OBJC_ARC = YES;
				CLANG_ENABLE_OBJC_WEAK = YES;
				CLANG_WARN_BLOCK_CAPTURE_AUTORELEASING = YES;
				CLANG_WARN_BOOL_CONVERSION = YES;
				CLANG_WARN_COMMA = YES;
				CLANG_WARN_CONSTANT_CONVERSION = YES;
				CLANG_WARN_DEPRECATED_OBJC_IMPLEMENTATIONS = YES;
				CLANG_WARN_DIRECT_OBJC_ISA_USAGE = YES_ERROR;
				CLANG_WARN_DOCUMENTATION_COMMENTS = YES;
				CLANG_WARN_EMPTY_BODY = YES;
				CLANG_WARN_ENUM_CONVERSION = YES;
				CLANG_WARN_INFINITE_RECURSION = YES;
				CLANG_WARN_INT_CONVERSION = YES;
				CLANG_WARN_NON_LITERAL_NULL_CONVERSION = YES;
				CLANG_WARN_OBJC_IMPLICIT_RETAIN_SELF = YES;
				CLANG_WARN_OBJC_LITERAL_CONVERSION = YES;
				CLANG_WARN_OBJC_ROOT_CLASS = YES_ERROR;
				CLANG_WARN_RANGE_LOOP_ANALYSIS = YES;
				CLANG_WARN_STRICT_PROTOTYPES = YES;
				CLANG_WARN_SUSPICIOUS_MOVE = YES;
				CLANG_WARN_UNGUARDED_AVAILABILITY = YES_AGGRESSIVE;
				CLANG_WARN_UNREACHABLE_CODE = YES;
				CLANG_WARN__DUPLICATE_METHOD_MATCH = YES;
				COPY_PHASE_STRIP = NO;
				DEBUG_INFORMATION_FORMAT = dwarf;
				ENABLE_STRICT_OBJC_MSGSEND = YES;
				ENABLE_TESTABILITY = YES;
				GCC_C_LANGUAGE_STANDARD = gnu11;
				GCC_DYNAMIC_NO_PIC = NO;
				GCC_NO_COMMON_BLOCKS = YES;
				GCC_OPTIMIZATION_LEVEL = 0;
				GCC_PREPROCESSOR_DEFINITIONS = (
					"DEBUG=1",
					"$(inherited)",
				);
				GCC_WARN_64_TO_32_BIT_CONVERSION = YES;
				GCC_WARN_ABOUT_RETURN_TYPE = YES_ERROR;
				GCC_WARN_UNDECLARED_SELECTOR = YES;
				GCC_WARN_UNINITIALIZED_AUTOS = YES_AGGRESSIVE;
				GCC_WARN_UNUSED_FUNCTION = YES;
				GCC_WARN_UNUSED_VARIABLE = YES;
				IPHONEOS_DEPLOYMENT_TARGET = 8.0;
				MTL_ENABLE_DEBUG_INFO = INCLUDE_SOURCE;
				MTL_FAST_MATH = YES;
				ONLY_ACTIVE_ARCH = YES;
				SDKROOT = iphoneos;
			};
			name = Debug;
		};
		1637F7C7242DFF94008B0A90 /* Release */ = {
			isa = XCBuildConfiguration;
			buildSettings = {
				ALWAYS_SEARCH_USER_PATHS = NO;
				CLANG_ANALYZER_NONNULL = YES;
				CLANG_ANALYZER_NUMBER_OBJECT_CONVERSION = YES_AGGRESSIVE;
				CLANG_CXX_LANGUAGE_STANDARD = "gnu++14";
				CLANG_CXX_LIBRARY = "libc++";
				CLANG_ENABLE_MODULES = YES;
				CLANG_ENABLE_OBJC_ARC = YES;
				CLANG_ENABLE_OBJC_WEAK = YES;
				CLANG_WARN_BLOCK_CAPTURE_AUTORELEASING = YES;
				CLANG_WARN_BOOL_CONVERSION = YES;
				CLANG_WARN_COMMA = YES;
				CLANG_WARN_CONSTANT_CONVERSION = YES;
				CLANG_WARN_DEPRECATED_OBJC_IMPLEMENTATIONS = YES;
				CLANG_WARN_DIRECT_OBJC_ISA_USAGE = YES_ERROR;
				CLANG_WARN_DOCUMENTATION_COMMENTS = YES;
				CLANG_WARN_EMPTY_BODY = YES;
				CLANG_WARN_ENUM_CONVERSION = YES;
				CLANG_WARN_INFINITE_RECURSION = YES;
				CLANG_WARN_INT_CONVERSION = YES;
				CLANG_WARN_NON_LITERAL_NULL_CONVERSION = YES;
				CLANG_WARN_OBJC_IMPLICIT_RETAIN_SELF = YES;
				CLANG_WARN_OBJC_LITERAL_CONVERSION = YES;
				CLANG_WARN_OBJC_ROOT_CLASS = YES_ERROR;
				CLANG_WARN_RANGE_LOOP_ANALYSIS = YES;
				CLANG_WARN_STRICT_PROTOTYPES = YES;
				CLANG_WARN_SUSPICIOUS_MOVE = YES;
				CLANG_WARN_UNGUARDED_AVAILABILITY = YES_AGGRESSIVE;
				CLANG_WARN_UNREACHABLE_CODE = YES;
				CLANG_WARN__DUPLICATE_METHOD_MATCH = YES;
				COPY_PHASE_STRIP = NO;
				DEBUG_INFORMATION_FORMAT = "dwarf-with-dsym";
				ENABLE_NS_ASSERTIONS = NO;
				ENABLE_STRICT_OBJC_MSGSEND = YES;
				GCC_C_LANGUAGE_STANDARD = gnu11;
				GCC_NO_COMMON_BLOCKS = YES;
				GCC_WARN_64_TO_32_BIT_CONVERSION = YES;
				GCC_WARN_ABOUT_RETURN_TYPE = YES_ERROR;
				GCC_WARN_UNDECLARED_SELECTOR = YES;
				GCC_WARN_UNINITIALIZED_AUTOS = YES_AGGRESSIVE;
				GCC_WARN_UNUSED_FUNCTION = YES;
				GCC_WARN_UNUSED_VARIABLE = YES;
				IPHONEOS_DEPLOYMENT_TARGET = 8.0;
				MTL_ENABLE_DEBUG_INFO = NO;
				MTL_FAST_MATH = YES;
				SDKROOT = iphoneos;
				VALIDATE_PRODUCT = YES;
			};
			name = Release;
		};
		1637F7C9242DFF94008B0A90 /* Debug */ = {
			isa = XCBuildConfiguration;
			baseConfigurationReference = CB01130B43DA6B0F5AEEDA33 /* Pods-PGithub.debug.xcconfig */;
			buildSettings = {
				ASSETCATALOG_COMPILER_APPICON_NAME = AppIcon;
				CODE_SIGN_STYLE = Automatic;
				DEVELOPMENT_TEAM = "";
				GCC_PREFIX_HEADER = "$(SRCROOT)/PGithub/Application/PGithub.pch";
				INFOPLIST_FILE = PGithub/Info.plist;
				LD_RUNPATH_SEARCH_PATHS = (
					"$(inherited)",
					"@executable_path/Frameworks",
				);
				PRODUCT_BUNDLE_IDENTIFIER = WZY.PGithub;
				PRODUCT_NAME = "$(TARGET_NAME)";
				TARGETED_DEVICE_FAMILY = "1,2";
			};
			name = Debug;
		};
		1637F7CA242DFF94008B0A90 /* Release */ = {
			isa = XCBuildConfiguration;
			baseConfigurationReference = CF6CC38CF0FB65338474114F /* Pods-PGithub.release.xcconfig */;
			buildSettings = {
				ASSETCATALOG_COMPILER_APPICON_NAME = AppIcon;
				CODE_SIGN_STYLE = Automatic;
				DEVELOPMENT_TEAM = "";
				GCC_PREFIX_HEADER = "$(SRCROOT)/PGithub/Application/PGithub.pch";
				INFOPLIST_FILE = PGithub/Info.plist;
				LD_RUNPATH_SEARCH_PATHS = (
					"$(inherited)",
					"@executable_path/Frameworks",
				);
				PRODUCT_BUNDLE_IDENTIFIER = WZY.PGithub;
				PRODUCT_NAME = "$(TARGET_NAME)";
				TARGETED_DEVICE_FAMILY = "1,2";
			};
			name = Release;
		};
/* End XCBuildConfiguration section */

/* Begin XCConfigurationList section */
		1637F7AA242DFF91008B0A90 /* Build configuration list for PBXProject "PGithub" */ = {
			isa = XCConfigurationList;
			buildConfigurations = (
				1637F7C6242DFF94008B0A90 /* Debug */,
				1637F7C7242DFF94008B0A90 /* Release */,
			);
			defaultConfigurationIsVisible = 0;
			defaultConfigurationName = Release;
		};
		1637F7C8242DFF94008B0A90 /* Build configuration list for PBXNativeTarget "PGithub" */ = {
			isa = XCConfigurationList;
			buildConfigurations = (
				1637F7C9242DFF94008B0A90 /* Debug */,
				1637F7CA242DFF94008B0A90 /* Release */,
			);
			defaultConfigurationIsVisible = 0;
			defaultConfigurationName = Release;
		};
/* End XCConfigurationList section */
	};
	rootObject = 1637F7A7242DFF91008B0A90 /* Project object */;
}
